
Microsoft Visual Studio Solution File, Format Version 12.00
# Visual Studio Version 17
VisualStudioVersion = 17.2.32526.322
MinimumVisualStudioVersion = 10.0.40219.1
Project("{FAE04EC0-301F-11D3-BF4B-00C04F79EFBC}") = "Shopping", "Shopping\Shopping.csproj", "{88A259A5-4613-4A97-861C-0B0E0C22BFB8}"
EndProject
Global
	GlobalSection(SolutionConfigurationPlatforms) = preSolution
		Debug|Any CPU = Debug|Any CPU
		Release|Any CPU = Release|Any CPU
	EndGlobalSection
	GlobalSection(ProjectConfigurationPlatforms) = postSolution
		{88A259A5-4613-4A97-861C-0B0E0C22BFB8}.Debug|Any CPU.ActiveCfg = Debug|Any CPU
		{88A259A5-4613-4A97-861C-0B0E0C22BFB8}.Debug|Any CPU.Build.0 = Debug|Any CPU
		{88A259A5-4613-4A97-861C-0B0E0C22BFB8}.Release|Any CPU.ActiveCfg = Release|Any CPU
		{88A259A5-4613-4A97-861C-0B0E0C22BFB8}.Release|Any CPU.Build.0 = Release|Any CPU
	EndGlobalSection
	GlobalSection(SolutionProperties) = preSolution
		HideSolutionNode = FALSE
	EndGlobalSection
	GlobalSection(ExtensibilityGlobals) = postSolution
		SolutionGuid = {655C52BE-2A53-4B9A-A02B-B0232B074CE7}
	EndGlobalSection
EndGlobal
